
Microsoft Visual Studio Solution File, Format Version 12.00
# Visual Studio Version 17
VisualStudioVersion = 17.14.36414.22 d17.14
MinimumVisualStudioVersion = 10.0.40219.1
Project("{FAE04EC0-301F-11D3-BF4B-00C04F79EFBC}") = "SoftProgModelo", "SoftProgModelo\SoftProgModelo.csproj", "{FC92CC30-69C5-4A2C-8AA9-0395AB51D0C4}"
EndProject
Project("{FAE04EC0-301F-11D3-BF4B-00C04F79EFBC}") = "SoftProgDAO", "SoftProgDAO\SoftProgDAO.csproj", "{4E03CA03-D43B-4C3A-AE0D-B4CD80F725C6}"
EndProject
Project("{FAE04EC0-301F-11D3-BF4B-00C04F79EFBC}") = "SoftProgBO", "SoftProgBO\SoftProgBO.csproj", "{B9E0BD45-5650-406C-BA51-AC23E2AAAAA9}"
EndProject
Project("{FAE04EC0-301F-11D3-BF4B-00C04F79EFBC}") = "SoftProgDBManager", "SoftProgDBManager\SoftProgDBManager.csproj", "{037EC0EB-03DC-4556-91AF-399FF573D96A}"
EndProject
Project("{FAE04EC0-301F-11D3-BF4B-00C04F79EFBC}") = "SoftProgPruebas", "SoftProgPruebas\SoftProgPruebas.csproj", "{9DBFA997-7F78-4829-ACA3-02661F0AF337}"
EndProject
Global
	GlobalSection(SolutionConfigurationPlatforms) = preSolution
		Debug|Any CPU = Debug|Any CPU
		Release|Any CPU = Release|Any CPU
	EndGlobalSection
	GlobalSection(ProjectConfigurationPlatforms) = postSolution
		{FC92CC30-69C5-4A2C-8AA9-0395AB51D0C4}.Debug|Any CPU.ActiveCfg = Debug|Any CPU
		{FC92CC30-69C5-4A2C-8AA9-0395AB51D0C4}.Debug|Any CPU.Build.0 = Debug|Any CPU
		{FC92CC30-69C5-4A2C-8AA9-0395AB51D0C4}.Release|Any CPU.ActiveCfg = Release|Any CPU
		{FC92CC30-69C5-4A2C-8AA9-0395AB51D0C4}.Release|Any CPU.Build.0 = Release|Any CPU
		{4E03CA03-D43B-4C3A-AE0D-B4CD80F725C6}.Debug|Any CPU.ActiveCfg = Debug|Any CPU
		{4E03CA03-D43B-4C3A-AE0D-B4CD80F725C6}.Debug|Any CPU.Build.0 = Debug|Any CPU
		{4E03CA03-D43B-4C3A-AE0D-B4CD80F725C6}.Release|Any CPU.ActiveCfg = Release|Any CPU
		{4E03CA03-D43B-4C3A-AE0D-B4CD80F725C6}.Release|Any CPU.Build.0 = Release|Any CPU
		{B9E0BD45-5650-406C-BA51-AC23E2AAAAA9}.Debug|Any CPU.ActiveCfg = Debug|Any CPU
		{B9E0BD45-5650-406C-BA51-AC23E2AAAAA9}.Debug|Any CPU.Build.0 = Debug|Any CPU
		{B9E0BD45-5650-406C-BA51-AC23E2AAAAA9}.Release|Any CPU.ActiveCfg = Release|Any CPU
		{B9E0BD45-5650-406C-BA51-AC23E2AAAAA9}.Release|Any CPU.Build.0 = Release|Any CPU
		{037EC0EB-03DC-4556-91AF-399FF573D96A}.Debug|Any CPU.ActiveCfg = Debug|Any CPU
		{037EC0EB-03DC-4556-91AF-399FF573D96A}.Debug|Any CPU.Build.0 = Debug|Any CPU
		{037EC0EB-03DC-4556-91AF-399FF573D96A}.Release|Any CPU.ActiveCfg = Release|Any CPU
		{037EC0EB-03DC-4556-91AF-399FF573D96A}.Release|Any CPU.Build.0 = Release|Any CPU
		{9DBFA997-7F78-4829-ACA3-02661F0AF337}.Debug|Any CPU.ActiveCfg = Debug|Any CPU
		{9DBFA997-7F78-4829-ACA3-02661F0AF337}.Debug|Any CPU.Build.0 = Debug|Any CPU
		{9DBFA997-7F78-4829-ACA3-02661F0AF337}.Release|Any CPU.ActiveCfg = Release|Any CPU
		{9DBFA997-7F78-4829-ACA3-02661F0AF337}.Release|Any CPU.Build.0 = Release|Any CPU
	EndGlobalSection
	GlobalSection(SolutionProperties) = preSolution
		HideSolutionNode = FALSE
	EndGlobalSection
	GlobalSection(ExtensibilityGlobals) = postSolution
		SolutionGuid = {6F0604EF-9E51-4C17-93C4-1526C9818DE7}
	EndGlobalSection
EndGlobal
